
Microsoft Visual Studio Solution File, Format Version 12.00
# Visual Studio Version 17
VisualStudioVersion = 17.2.32616.157
MinimumVisualStudioVersion = 10.0.40219.1
Project("{FAE04EC0-301F-11D3-BF4B-00C04F79EFBC}") = "TestingWPFSuite", "TestingWPFSuite\TestingWPFSuite.csproj", "{9C39E874-CD8C-42E9-8F24-BFE846D4C7C1}"
EndProject
Global
	GlobalSection(SolutionConfigurationPlatforms) = preSolution
		Debug|Any CPU = Debug|Any CPU
		Release|Any CPU = Release|Any CPU
	EndGlobalSection
	GlobalSection(ProjectConfigurationPlatforms) = postSolution
		{9C39E874-CD8C-42E9-8F24-BFE846D4C7C1}.Debug|Any CPU.ActiveCfg = Debug|Any CPU
		{9C39E874-CD8C-42E9-8F24-BFE846D4C7C1}.Debug|Any CPU.Build.0 = Debug|Any CPU
		{9C39E874-CD8C-42E9-8F24-BFE846D4C7C1}.Release|Any CPU.ActiveCfg = Release|Any CPU
		{9C39E874-CD8C-42E9-8F24-BFE846D4C7C1}.Release|Any CPU.Build.0 = Release|Any CPU
	EndGlobalSection
	GlobalSection(SolutionProperties) = preSolution
		HideSolutionNode = FALSE
	EndGlobalSection
	GlobalSection(ExtensibilityGlobals) = postSolution
		SolutionGuid = {4D83D86B-52D1-4B25-8AD2-D510A580513A}
	EndGlobalSection
EndGlobal
